{
  "originHash" : "c4bdaea906edf543d61718895e3919e6aa1aa5466d4c67aac9922df8aa929e99",
  "pins" : [
    {
      "identity" : "amazon-location-mobile-auth-sdk-ios",
      "kind" : "remoteSourceControl",
      "location" : "https://github.com/aws-geospatial/amazon-location-mobile-auth-sdk-ios/",
      "state" : {
        "revision" : "787edfff4d6cc7573dc351d3bc851675114838e6",
        "version" : "1.0.0"
      }
    },
    {
      "identity" : "aws-crt-swift",
      "kind" : "remoteSourceControl",
      "location" : "https://github.com/awslabs/aws-crt-swift",
      "state" : {
        "revision" : "37ab536aa6dc9e7c1bdfea950ad4787cd2eba34a",
        "version" : "0.39.0"
      }
    },
    {
      "identity" : "aws-sdk-swift",
      "kind" : "remoteSourceControl",
      "location" : "https://github.com/awslabs/aws-sdk-swift",
      "state" : {
        "revision" : "9c9eb62b02496502150c5647d21540f48a7cad29",
        "version" : "1.0.50"
      }
    },
    {
      "identity" : "keychain-swift",
      "kind" : "remoteSourceControl",
      "location" : "https://github.com/evgenyneu/keychain-swift.git",
      "state" : {
        "revision" : "d108a1fa6189e661f91560548ef48651ed8d93b9",
        "version" : "20.0.0"
      }
    },
    {
      "identity" : "maplibre-gl-native-distribution",
      "kind" : "remoteSourceControl",
      "location" : "https://github.com/maplibre/maplibre-gl-native-distribution",
      "state" : {
        "revision" : "b84a0decbe9ca1caeff1402efdce71349c09d790",
        "version" : "6.8.1"
      }
    },
    {
      "identity" : "smithy-swift",
      "kind" : "remoteSourceControl",
      "location" : "https://github.com/smithy-lang/smithy-swift",
      "state" : {
        "revision" : "3a263a6679a172c11061e4147bdf8c1d03fce75e",
        "version" : "0.98.0"
      }
    },
    {
      "identity" : "swift-log",
      "kind" : "remoteSourceControl",
      "location" : "https://github.com/apple/swift-log.git",
      "state" : {
        "revision" : "96a2f8a0fa41e9e09af4585e2724c4e825410b91",
        "version" : "1.6.2"
      }
    }
  ],
  "version" : 3
}
